
Microsoft Visual Studio Solution File, Format Version 12.00
# Visual Studio Version 16
VisualStudioVersion = 16.0.32002.261
MinimumVisualStudioVersion = 10.0.40219.1
Project("{9A19103F-16F7-4668-BE54-9A1E7A4F7556}") = "erdemDevice", "erdemDevice\erdemDevice.csproj", "{7117DC12-196C-42BE-8966-18AA04AEC742}"
EndProject
Global
	GlobalSection(SolutionConfigurationPlatforms) = preSolution
		Debug|Any CPU = Debug|Any CPU
		Release|Any CPU = Release|Any CPU
	EndGlobalSection
	GlobalSection(ProjectConfigurationPlatforms) = postSolution
		{7117DC12-196C-42BE-8966-18AA04AEC742}.Debug|Any CPU.ActiveCfg = Debug|Any CPU
		{7117DC12-196C-42BE-8966-18AA04AEC742}.Debug|Any CPU.Build.0 = Debug|Any CPU
		{7117DC12-196C-42BE-8966-18AA04AEC742}.Release|Any CPU.ActiveCfg = Release|Any CPU
		{7117DC12-196C-42BE-8966-18AA04AEC742}.Release|Any CPU.Build.0 = Release|Any CPU
	EndGlobalSection
	GlobalSection(SolutionProperties) = preSolution
		HideSolutionNode = FALSE
	EndGlobalSection
	GlobalSection(ExtensibilityGlobals) = postSolution
		SolutionGuid = {D9D0AC7D-B20D-48ED-BB4E-06046BB7E462}
	EndGlobalSection
EndGlobal
