
Microsoft Visual Studio Solution File, Format Version 12.00
# Visual Studio Version 17
VisualStudioVersion = 17.2.32314.265
MinimumVisualStudioVersion = 10.0.40219.1
Project("{9A19103F-16F7-4668-BE54-9A1E7A4F7556}") = "TestGPR", "TestGPR.csproj", "{64DE11B3-17B8-4FA7-9A52-E460C2BEFC76}"
EndProject
Global
	GlobalSection(SolutionConfigurationPlatforms) = preSolution
		Debug|Any CPU = Debug|Any CPU
		Release|Any CPU = Release|Any CPU
	EndGlobalSection
	GlobalSection(ProjectConfigurationPlatforms) = postSolution
		{64DE11B3-17B8-4FA7-9A52-E460C2BEFC76}.Debug|Any CPU.ActiveCfg = Debug|Any CPU
		{64DE11B3-17B8-4FA7-9A52-E460C2BEFC76}.Debug|Any CPU.Build.0 = Debug|Any CPU
		{64DE11B3-17B8-4FA7-9A52-E460C2BEFC76}.Release|Any CPU.ActiveCfg = Release|Any CPU
		{64DE11B3-17B8-4FA7-9A52-E460C2BEFC76}.Release|Any CPU.Build.0 = Release|Any CPU
	EndGlobalSection
	GlobalSection(SolutionProperties) = preSolution
		HideSolutionNode = FALSE
	EndGlobalSection
	GlobalSection(ExtensibilityGlobals) = postSolution
		SolutionGuid = {B11A6E5B-EE57-451D-86CF-C620D92936AC}
	EndGlobalSection
EndGlobal
